{
  "name": "com.tuya.zigbee",
  "version": "0.1.2",
  "lockfileVersion": 1,
  "requires": true,
  "dependencies": {
    "@athombv/data-types": {
      "version": "1.0.4",
      "resolved": "https://registry.npmjs.org/@athombv/data-types/-/data-types-1.0.4.tgz",
      "integrity": "sha512-YzmMMZgIFiGSIePEBo939u1PDBS9ZoQ+R2xenJ0GCYzXg4HpV3/SLk8vte0pLHv5C5/tV7S07cwGwGvAcYDGEA=="
    },
    "@types/tinycolor2": {
      "version": "1.4.2",
      "resolved": "https://registry.npmjs.org/@types/tinycolor2/-/tinycolor2-1.4.2.tgz",
      "integrity": "sha512-PeHg/AtdW6aaIO2a+98Xj7rWY4KC1E6yOy7AFknJQ7VXUGNrMlyxDFxJo7HqLtjQms/ZhhQX52mLVW/EX3JGOw=="
    },
    "almost-equal": {
      "version": "1.1.0",
      "resolved": "https://registry.npmjs.org/almost-equal/-/almost-equal-1.1.0.tgz",
      "integrity": "sha1-+FHGMROHV5lCdqou++jfowZszN0="
    },
    "color-space": {
      "version": "1.16.0",
      "resolved": "https://registry.npmjs.org/color-space/-/color-space-1.16.0.tgz",
      "integrity": "sha512-A6WMiFzunQ8KEPFmj02OnnoUnqhmSaHaZ/0LVFcPTdlvm8+3aMJ5x1HRHy3bDHPkovkf4sS0f4wsVvwk71fKkg==",
      "requires": {
        "hsluv": "^0.0.3",
        "mumath": "^3.3.4"
      }
    },
    "debug": {
      "version": "4.2.0",
      "resolved": "https://registry.npmjs.org/debug/-/debug-4.2.0.tgz",
      "integrity": "sha512-IX2ncY78vDTjZMFUdmsvIRFY2Cf4FnD0wRs+nQwJU8Lu99/tPFdb0VybiiMTPe3I6rQmwsqQqRBvxU+bZ/I8sg==",
      "requires": {
        "ms": "2.1.2"
      }
    },
    "homey-meshdriver": {
      "version": "1.3.24",
      "resolved": "https://registry.npmjs.org/homey-meshdriver/-/homey-meshdriver-1.3.24.tgz",
      "integrity": "sha512-ivjW+MSztFN5K63VZpY+dSp7kV0FBX2E9sQwAYUUHEYRTVqNMMYxNOeUfnVtpE+BkmoKSe7/Amu43d0TyD3+cw==",
      "requires": {
        "color-space": "^1.14.7"
      }
    },
    "homey-zigbeedriver": {
      "version": "1.6.1",
      "resolved": "https://registry.npmjs.org/homey-zigbeedriver/-/homey-zigbeedriver-1.6.1.tgz",
      "integrity": "sha512-a9BsUDBLbok38QUqHsTrTszHI9gD1DP1Djb2BzJSohT56wccrydNe2vxUMPHjrlw1Yka6J4MNxDH16XJV505NQ==",
      "requires": {
        "color-space": "^1.16.0",
        "tinygradient": "^1.1.1"
      }
    },
    "hsluv": {
      "version": "0.0.3",
      "resolved": "https://registry.npmjs.org/hsluv/-/hsluv-0.0.3.tgz",
      "integrity": "sha1-gpEH2vtKn4tSoYCe0C4JHq3mdUw="
    },
    "ms": {
      "version": "2.1.2",
      "resolved": "https://registry.npmjs.org/ms/-/ms-2.1.2.tgz",
      "integrity": "sha512-sGkPx+VjMtmA6MX27oA4FBFELFCZZ4S4XqeGOXCv68tT+jb3vk/RyaKWP0PTKyWtmLSM0b+adUTEvbs1PEaH2w=="
    },
    "mumath": {
      "version": "3.3.4",
      "resolved": "https://registry.npmjs.org/mumath/-/mumath-3.3.4.tgz",
      "integrity": "sha1-SNSg8P2MrU57Mglu6JsWGmPTC78=",
      "requires": {
        "almost-equal": "^1.1.0"
      }
    },
    "tinycolor2": {
      "version": "1.4.2",
      "resolved": "https://registry.npmjs.org/tinycolor2/-/tinycolor2-1.4.2.tgz",
      "integrity": "sha512-vJhccZPs965sV/L2sU4oRQVAos0pQXwsvTLkWYdqJ+a8Q5kPFzJTuOFwy7UniPli44NKQGAglksjvOcpo95aZA=="
    },
    "tinygradient": {
      "version": "1.1.2",
      "resolved": "https://registry.npmjs.org/tinygradient/-/tinygradient-1.1.2.tgz",
      "integrity": "sha512-yIwbBfJOOHW3whamF00ZcxGWY794GNsAGjaCkDQJJNufXAcfUwbQwrVjwV1BKqArXFVg+JgMoECXFn/jfqSWsg==",
      "requires": {
        "@types/tinycolor2": "^1.4.0",
        "tinycolor2": "^1.0.0"
      }
    },
    "zigbee-clusters": {
      "version": "1.4.0",
      "resolved": "https://registry.npmjs.org/zigbee-clusters/-/zigbee-clusters-1.4.0.tgz",
      "integrity": "sha512-Z3VRDrS8OYQ8kRweo5MpnRd/FKanflBQ7gBhjI6fMZ7r0sJV/T5cUuV/BDbN26yCh+ap+ZiCyS+lY0XJln//Vg==",
      "requires": {
        "@athombv/data-types": "^1.0.4",
        "debug": "^4.1.1"
      }
    }
  }
}
