{
  "name": "com.tuya.zigbee",
  "version": "0.2.26",
  "lockfileVersion": 3,
  "requires": true,
  "packages": {
    "": {
      "name": "com.tuya.zigbee",
      "version": "0.2.26",
      "license": "MIT",
      "dependencies": {
        "homey-zigbeedriver": "^1.6.12",
        "zigbee-clusters": "^1.5.2"
      }
    },
    "node_modules/@athombv/data-types": {
      "version": "1.0.6",
      "resolved": "https://registry.npmjs.org/@athombv/data-types/-/data-types-1.0.6.tgz",
      "integrity": "sha512-Q69Vt6Z71C8G8riEYT8zhOAZaHy0uphApAybGEuPg6jHoo/YobZNc8+HMiH872ykR4HMr2eMVBp00bwpdyIFWg=="
    },
    "node_modules/@types/tinycolor2": {
      "version": "1.4.3",
      "resolved": "https://registry.npmjs.org/@types/tinycolor2/-/tinycolor2-1.4.3.tgz",
      "integrity": "sha512-Kf1w9NE5HEgGxCRyIcRXR/ZYtDv0V8FVPtYHwLxl0O+maGX0erE77pQlD0gpP+/KByMZ87mOA79SjifhSB3PjQ=="
    },
    "node_modules/almost-equal": {
      "version": "1.1.0",
      "resolved": "https://registry.npmjs.org/almost-equal/-/almost-equal-1.1.0.tgz",
      "integrity": "sha512-0V/PkoculFl5+0Lp47JoxUcO0xSxhIBvm+BxHdD/OgXNmdRpRHCFnKVuUoWyS9EzQP+otSGv0m9Lb4yVkQBn2A=="
    },
    "node_modules/color-space": {
      "version": "1.16.0",
      "resolved": "https://registry.npmjs.org/color-space/-/color-space-1.16.0.tgz",
      "integrity": "sha512-A6WMiFzunQ8KEPFmj02OnnoUnqhmSaHaZ/0LVFcPTdlvm8+3aMJ5x1HRHy3bDHPkovkf4sS0f4wsVvwk71fKkg==",
      "dependencies": {
        "hsluv": "^0.0.3",
        "mumath": "^3.3.4"
      }
    },
    "node_modules/debug": {
      "version": "4.3.4",
      "resolved": "https://registry.npmjs.org/debug/-/debug-4.3.4.tgz",
      "integrity": "sha512-PRWFHuSU3eDtQJPvnNY7Jcket1j0t5OuOsFzPPzsekD52Zl8qUfFIPEiswXqIvHWGVHOgX+7G/vCNNhehwxfkQ==",
      "dependencies": {
        "ms": "2.1.2"
      },
      "engines": {
        "node": ">=6.0"
      },
      "peerDependenciesMeta": {
        "supports-color": {
          "optional": true
        }
      }
    },
    "node_modules/homey-zigbeedriver": {
      "version": "1.6.12",
      "resolved": "https://registry.npmjs.org/homey-zigbeedriver/-/homey-zigbeedriver-1.6.12.tgz",
      "integrity": "sha512-kKHqsWzc+DsnUr2vrEULAzss7qCvqo+44FQTYYwc/D6m83mkaLrQC696zNf+eurCo/M2XTJmyPctldJLreHUyQ==",
      "dependencies": {
        "color-space": "^1.16.0",
        "tinygradient": "^1.1.1"
      },
      "engines": {
        "node": ">=12"
      },
      "peerDependencies": {
        "zigbee-clusters": "^1.5.2"
      }
    },
    "node_modules/hsluv": {
      "version": "0.0.3",
      "resolved": "https://registry.npmjs.org/hsluv/-/hsluv-0.0.3.tgz",
      "integrity": "sha512-08iL2VyCRbkQKBySkSh6m8zMUa3sADAxGVWs3Z1aPcUkTJeK0ETG4Fc27tEmQBGUAXZjIsXOZqBvacuVNSC/fQ=="
    },
    "node_modules/ms": {
      "version": "2.1.2",
      "resolved": "https://registry.npmjs.org/ms/-/ms-2.1.2.tgz",
      "integrity": "sha512-sGkPx+VjMtmA6MX27oA4FBFELFCZZ4S4XqeGOXCv68tT+jb3vk/RyaKWP0PTKyWtmLSM0b+adUTEvbs1PEaH2w=="
    },
    "node_modules/mumath": {
      "version": "3.3.4",
      "resolved": "https://registry.npmjs.org/mumath/-/mumath-3.3.4.tgz",
      "integrity": "sha512-VAFIOG6rsxoc7q/IaY3jdjmrsuX9f15KlRLYTHmixASBZkZEKC1IFqE2BC5CdhXmK6WLM1Re33z//AGmeRI6FA==",
      "deprecated": "Redundant dependency in your project.",
      "dependencies": {
        "almost-equal": "^1.1.0"
      }
    },
    "node_modules/tinycolor2": {
      "version": "1.4.2",
      "resolved": "https://registry.npmjs.org/tinycolor2/-/tinycolor2-1.4.2.tgz",
      "integrity": "sha512-vJhccZPs965sV/L2sU4oRQVAos0pQXwsvTLkWYdqJ+a8Q5kPFzJTuOFwy7UniPli44NKQGAglksjvOcpo95aZA==",
      "engines": {
        "node": "*"
      }
    },
    "node_modules/tinygradient": {
      "version": "1.1.5",
      "resolved": "https://registry.npmjs.org/tinygradient/-/tinygradient-1.1.5.tgz",
      "integrity": "sha512-8nIfc2vgQ4TeLnk2lFj4tRLvvJwEfQuabdsmvDdQPT0xlk9TaNtpGd6nNRxXoK6vQhN6RSzj+Cnp5tTQmpxmbw==",
      "dependencies": {
        "@types/tinycolor2": "^1.4.0",
        "tinycolor2": "^1.0.0"
      }
    },
    "node_modules/zigbee-clusters": {
      "version": "1.5.2",
      "resolved": "https://registry.npmjs.org/zigbee-clusters/-/zigbee-clusters-1.5.2.tgz",
      "integrity": "sha512-SvD0qBn0kK2d3IjmATCCiTwObMKbnCt2a53wD7PsQufR0bBoFrs2zuS8bd49CnkMG/VxuA4JYbZ/y39iZMWvOQ==",
      "dependencies": {
        "@athombv/data-types": "^1.0.6",
        "debug": "^4.1.1"
      },
      "engines": {
        "node": ">=12"
      }
    }
  }
}
