{
  "name": "com.tuya.zigbee",
  "version": "0.1.35",
  "lockfileVersion": 1,
  "requires": true,
  "dependencies": {
    "@athombv/data-types": {
      "version": "1.0.5",
      "resolved": "https://registry.npmjs.org/@athombv/data-types/-/data-types-1.0.5.tgz",
      "integrity": "sha512-SlTWpyB+BtGg79p4HKzpblyX/bs1pB20OLraOjg39XxLB2U35KXZ8IgTruPDSKF2PXzADqIFsXjTocSbm7ck5g=="
    },
    "@types/tinycolor2": {
      "version": "1.4.2",
      "resolved": "https://registry.npmjs.org/@types/tinycolor2/-/tinycolor2-1.4.2.tgz",
      "integrity": "sha512-PeHg/AtdW6aaIO2a+98Xj7rWY4KC1E6yOy7AFknJQ7VXUGNrMlyxDFxJo7HqLtjQms/ZhhQX52mLVW/EX3JGOw=="
    },
    "almost-equal": {
      "version": "1.1.0",
      "resolved": "https://registry.npmjs.org/almost-equal/-/almost-equal-1.1.0.tgz",
      "integrity": "sha1-+FHGMROHV5lCdqou++jfowZszN0="
    },
    "color-space": {
      "version": "1.16.0",
      "resolved": "https://registry.npmjs.org/color-space/-/color-space-1.16.0.tgz",
      "integrity": "sha512-A6WMiFzunQ8KEPFmj02OnnoUnqhmSaHaZ/0LVFcPTdlvm8+3aMJ5x1HRHy3bDHPkovkf4sS0f4wsVvwk71fKkg==",
      "requires": {
        "hsluv": "^0.0.3",
        "mumath": "^3.3.4"
      }
    },
    "debug": {
      "version": "4.3.1",
      "resolved": "https://registry.npmjs.org/debug/-/debug-4.3.1.tgz",
      "integrity": "sha512-doEwdvm4PCeK4K3RQN2ZC2BYUBaxwLARCqZmMjtF8a51J2Rb0xpVloFRnCODwqjpwnAoao4pelN8l3RJdv3gRQ==",
      "requires": {
        "ms": "2.1.2"
      }
    },
    "homey-zigbeedriver": {
      "version": "1.6.2",
      "resolved": "https://registry.npmjs.org/homey-zigbeedriver/-/homey-zigbeedriver-1.6.2.tgz",
      "integrity": "sha512-burDPghtuoebpy6fWcrtgBLqeNHH2te5ODctMg2hsjNzEqx4Vg8lCVvX4cK0DOTBO02/f/vsiiwnPuCaCi49kQ==",
      "requires": {
        "color-space": "^1.16.0",
        "tinygradient": "^1.1.1"
      }
    },
    "hsluv": {
      "version": "0.0.3",
      "resolved": "https://registry.npmjs.org/hsluv/-/hsluv-0.0.3.tgz",
      "integrity": "sha1-gpEH2vtKn4tSoYCe0C4JHq3mdUw="
    },
    "ms": {
      "version": "2.1.2",
      "resolved": "https://registry.npmjs.org/ms/-/ms-2.1.2.tgz",
      "integrity": "sha512-sGkPx+VjMtmA6MX27oA4FBFELFCZZ4S4XqeGOXCv68tT+jb3vk/RyaKWP0PTKyWtmLSM0b+adUTEvbs1PEaH2w=="
    },
    "mumath": {
      "version": "3.3.4",
      "resolved": "https://registry.npmjs.org/mumath/-/mumath-3.3.4.tgz",
      "integrity": "sha1-SNSg8P2MrU57Mglu6JsWGmPTC78=",
      "requires": {
        "almost-equal": "^1.1.0"
      }
    },
    "tinycolor2": {
      "version": "1.4.2",
      "resolved": "https://registry.npmjs.org/tinycolor2/-/tinycolor2-1.4.2.tgz",
      "integrity": "sha512-vJhccZPs965sV/L2sU4oRQVAos0pQXwsvTLkWYdqJ+a8Q5kPFzJTuOFwy7UniPli44NKQGAglksjvOcpo95aZA=="
    },
    "tinygradient": {
      "version": "1.1.2",
      "resolved": "https://registry.npmjs.org/tinygradient/-/tinygradient-1.1.2.tgz",
      "integrity": "sha512-yIwbBfJOOHW3whamF00ZcxGWY794GNsAGjaCkDQJJNufXAcfUwbQwrVjwV1BKqArXFVg+JgMoECXFn/jfqSWsg==",
      "requires": {
        "@types/tinycolor2": "^1.4.0",
        "tinycolor2": "^1.0.0"
      }
    },
    "zigbee-clusters": {
      "version": "1.4.0",
      "resolved": "https://registry.npmjs.org/zigbee-clusters/-/zigbee-clusters-1.4.0.tgz",
      "integrity": "sha512-Z3VRDrS8OYQ8kRweo5MpnRd/FKanflBQ7gBhjI6fMZ7r0sJV/T5cUuV/BDbN26yCh+ap+ZiCyS+lY0XJln//Vg==",
      "requires": {
        "@athombv/data-types": "^1.0.4",
        "debug": "^4.1.1"
      }
    }
  }
}
