{
  "name": "com.tuya.zigbee",
  "version": "0.2.73",
  "lockfileVersion": 3,
  "requires": true,
  "packages": {
    "": {
      "name": "com.tuya.zigbee",
      "version": "0.2.73",
      "license": "MIT",
      "dependencies": {
        "homey-zigbeedriver": "^2.1.5",
        "zigbee-clusters": "^2.4.2"
      },
      "engines": {
        "node": ">=12"
      },
      "funding": {
        "type": "paypal",
        "url": "https://www.paypal.me/johanbendz"
      }
    },
    "node_modules/@athombv/data-types": {
      "version": "1.1.4",
      "resolved": "https://registry.npmjs.org/@athombv/data-types/-/data-types-1.1.4.tgz",
      "integrity": "sha512-89c28Cek3rQjYNlZg6UbylSd7yhl0RBX96PZhWZDgJBIBkEju2DI+9xWKVF4YFjXwUlQIEWfq3UBlYC5c5JmLQ==",
      "engines": {
        "node": ">=12.0.0"
      }
    },
    "node_modules/@types/tinycolor2": {
      "version": "1.4.6",
      "resolved": "https://registry.npmjs.org/@types/tinycolor2/-/tinycolor2-1.4.6.tgz",
      "integrity": "sha512-iEN8J0BoMnsWBqjVbWH/c0G0Hh7O21lpR2/+PrvAVgWdzL7eexIFm4JN/Wn10PTcmNdtS6U67r499mlWMXOxNw=="
    },
    "node_modules/almost-equal": {
      "version": "1.1.0",
      "resolved": "https://registry.npmjs.org/almost-equal/-/almost-equal-1.1.0.tgz",
      "integrity": "sha512-0V/PkoculFl5+0Lp47JoxUcO0xSxhIBvm+BxHdD/OgXNmdRpRHCFnKVuUoWyS9EzQP+otSGv0m9Lb4yVkQBn2A=="
    },
    "node_modules/color-space": {
      "version": "1.16.0",
      "resolved": "https://registry.npmjs.org/color-space/-/color-space-1.16.0.tgz",
      "integrity": "sha512-A6WMiFzunQ8KEPFmj02OnnoUnqhmSaHaZ/0LVFcPTdlvm8+3aMJ5x1HRHy3bDHPkovkf4sS0f4wsVvwk71fKkg==",
      "dependencies": {
        "hsluv": "^0.0.3",
        "mumath": "^3.3.4"
      }
    },
    "node_modules/debug": {
      "version": "4.3.7",
      "resolved": "https://registry.npmjs.org/debug/-/debug-4.3.7.tgz",
      "integrity": "sha512-Er2nc/H7RrMXZBFCEim6TCmMk02Z8vLC2Rbi1KEBggpo0fS6l0S1nnapwmIi3yW/+GOJap1Krg4w0Hg80oCqgQ==",
      "dependencies": {
        "ms": "^2.1.3"
      },
      "engines": {
        "node": ">=6.0"
      },
      "peerDependenciesMeta": {
        "supports-color": {
          "optional": true
        }
      }
    },
    "node_modules/homey-zigbeedriver": {
      "version": "2.1.5",
      "resolved": "https://registry.npmjs.org/homey-zigbeedriver/-/homey-zigbeedriver-2.1.5.tgz",
      "integrity": "sha512-VxhlY1phJRbPVhQkww/+iydCv0/0C/AzjBHYkhB1tLVDoqLqfInddtAmsmhyK+bDkOkv+97svJYay+IRx1dYDg==",
      "license": "ISC",
      "dependencies": {
        "color-space": "^1.16.0",
        "tinygradient": "^1.1.1"
      },
      "engines": {
        "node": ">=12"
      },
      "peerDependencies": {
        "zigbee-clusters": "^2.1.2"
      }
    },
    "node_modules/hsluv": {
      "version": "0.0.3",
      "resolved": "https://registry.npmjs.org/hsluv/-/hsluv-0.0.3.tgz",
      "integrity": "sha512-08iL2VyCRbkQKBySkSh6m8zMUa3sADAxGVWs3Z1aPcUkTJeK0ETG4Fc27tEmQBGUAXZjIsXOZqBvacuVNSC/fQ=="
    },
    "node_modules/ms": {
      "version": "2.1.3",
      "resolved": "https://registry.npmjs.org/ms/-/ms-2.1.3.tgz",
      "integrity": "sha512-6FlzubTLZG3J2a/NVCAleEhjzq5oxgHyaCU9yYXvcLsvoVaHJq/s5xXI6/XXP6tz7R9xAOtHnSO/tXtF3WRTlA=="
    },
    "node_modules/mumath": {
      "version": "3.3.4",
      "resolved": "https://registry.npmjs.org/mumath/-/mumath-3.3.4.tgz",
      "integrity": "sha512-VAFIOG6rsxoc7q/IaY3jdjmrsuX9f15KlRLYTHmixASBZkZEKC1IFqE2BC5CdhXmK6WLM1Re33z//AGmeRI6FA==",
      "deprecated": "Redundant dependency in your project.",
      "dependencies": {
        "almost-equal": "^1.1.0"
      }
    },
    "node_modules/tinycolor2": {
      "version": "1.6.0",
      "resolved": "https://registry.npmjs.org/tinycolor2/-/tinycolor2-1.6.0.tgz",
      "integrity": "sha512-XPaBkWQJdsf3pLKJV9p4qN/S+fm2Oj8AIPo1BTUhg5oxkvm9+SVEGFdhyOz7tTdUTfvxMiAs4sp6/eZO2Ew+pw=="
    },
    "node_modules/tinygradient": {
      "version": "1.1.5",
      "resolved": "https://registry.npmjs.org/tinygradient/-/tinygradient-1.1.5.tgz",
      "integrity": "sha512-8nIfc2vgQ4TeLnk2lFj4tRLvvJwEfQuabdsmvDdQPT0xlk9TaNtpGd6nNRxXoK6vQhN6RSzj+Cnp5tTQmpxmbw==",
      "dependencies": {
        "@types/tinycolor2": "^1.4.0",
        "tinycolor2": "^1.0.0"
      }
    },
    "node_modules/zigbee-clusters": {
      "version": "2.4.2",
      "resolved": "https://registry.npmjs.org/zigbee-clusters/-/zigbee-clusters-2.4.2.tgz",
      "integrity": "sha512-kZshl+31zqIh7rP/HyazsMyB4YoIhcPgEkgaeKzVmmngPH/8FhZldr+t8OyxU/BYf89ZvQB3yjnL6bISNK7sGg==",
      "license": "ISC",
      "dependencies": {
        "@athombv/data-types": "^1.1.3",
        "debug": "^4.1.1"
      },
      "engines": {
        "node": ">=12"
      }
    }
  }
}
